{
  "originHash": "56bf6dd50530cbc50f69d35c7f6ebd963298b04d42d6efb416afa482e242b2a7",
  "pins": [
    {
      "identity": "innoflow",
      "kind": "remoteSourceControl",
      "location": "https://github.com/InnoSquadCorp/InnoFlow.git",
      "state": {
        "version": "6.0.2",
        "revision": "1176de1e4783b638c03a9334f43cc49378957148"
      }
    },
    {
      "identity": "swift-syntax",
      "kind": "remoteSourceControl",
      "location": "https://github.com/swiftlang/swift-syntax.git",
      "state": {
        "version": "604.0.0",
        "revision": "050f1a346fbbac0ca2cfb15a95274f7bd1cf0ccf"
      }
    }
  ],
  "version": 3
}
